
Microsoft Visual Studio Solution File, Format Version 12.00
# Visual Studio Version 16
VisualStudioVersion = 16.0.30413.136
MinimumVisualStudioVersion = 10.0.40219.1
Project("{FAE04EC0-301F-11D3-BF4B-00C04F79EFBC}") = "C1_WriteLine", "C1_WriteLine\C1_WriteLine.csproj", "{ABE41BFB-9AF6-4EB1-AB4E-48288E6B90FE}"
EndProject
Global
	GlobalSection(SolutionConfigurationPlatforms) = preSolution
		Debug|Any CPU = Debug|Any CPU
		Release|Any CPU = Release|Any CPU
	EndGlobalSection
	GlobalSection(ProjectConfigurationPlatforms) = postSolution
		{ABE41BFB-9AF6-4EB1-AB4E-48288E6B90FE}.Debug|Any CPU.ActiveCfg = Debug|Any CPU
		{ABE41BFB-9AF6-4EB1-AB4E-48288E6B90FE}.Debug|Any CPU.Build.0 = Debug|Any CPU
		{ABE41BFB-9AF6-4EB1-AB4E-48288E6B90FE}.Release|Any CPU.ActiveCfg = Release|Any CPU
		{ABE41BFB-9AF6-4EB1-AB4E-48288E6B90FE}.Release|Any CPU.Build.0 = Release|Any CPU
	EndGlobalSection
	GlobalSection(SolutionProperties) = preSolution
		HideSolutionNode = FALSE
	EndGlobalSection
	GlobalSection(ExtensibilityGlobals) = postSolution
		SolutionGuid = {14C394F8-3E93-4C3A-ACA7-4BD094B8CF3E}
	EndGlobalSection
EndGlobal
