
Microsoft Visual Studio Solution File, Format Version 12.00
# Visual Studio Version 16
VisualStudioVersion = 16.0.30413.136
MinimumVisualStudioVersion = 10.0.40219.1
Project("{9A19103F-16F7-4668-BE54-9A1E7A4F7556}") = "C2_ReadLine", "C2_ReadLine\C2_ReadLine.csproj", "{C8B7A920-95F2-4254-A2D9-1DB488E166C7}"
EndProject
Project("{9A19103F-16F7-4668-BE54-9A1E7A4F7556}") = "C3_WithAClass", "C3_WithAClass\C3_WithAClass.csproj", "{2E1E31FD-CCE1-497B-9563-9C460B7579EB}"
EndProject
Project("{9A19103F-16F7-4668-BE54-9A1E7A4F7556}") = "C4_WithMethods", "C4_WithMethods\C4_WithMethods.csproj", "{9678EA0D-4AA1-42D3-B737-6F0EC3AB7FEC}"
EndProject
Project("{9A19103F-16F7-4668-BE54-9A1E7A4F7556}") = "C5_WithAgeCalculation", "C5_WithAgeCalculation\C5_WithAgeCalculation.csproj", "{414ACF4A-6E0F-4078-93D5-8EB082F5E74A}"
EndProject
Project("{9A19103F-16F7-4668-BE54-9A1E7A4F7556}") = "C6_GettersAndSetters", "C6_GettersAndSetters\C6_GettersAndSetters.csproj", "{617C125A-4FAF-4254-85E0-B736829D9723}"
EndProject
Project("{9A19103F-16F7-4668-BE54-9A1E7A4F7556}") = "C7_GettersAndSettersV2", "C7_GettersAndSettersV2\C7_GettersAndSettersV2.csproj", "{64C2D4EE-076F-4BCF-927B-38B6511FBCAF}"
EndProject
Project("{9A19103F-16F7-4668-BE54-9A1E7A4F7556}") = "C8_Arrays", "C8_Arrays\C8_Arrays.csproj", "{6955CD97-7DAD-4574-99FD-3B598501046E}"
EndProject
Project("{9A19103F-16F7-4668-BE54-9A1E7A4F7556}") = "C9_Lists", "C9_Lists\C9_Lists.csproj", "{80747D8C-D09E-4FEB-A7D7-FA5025E16229}"
EndProject
Project("{FAE04EC0-301F-11D3-BF4B-00C04F79EFBC}") = "C1_WriteLine", "C1_WriteLine\C1_WriteLine.csproj", "{D4599CED-8A53-4898-AB5B-25AD89B31838}"
EndProject
Global
	GlobalSection(SolutionConfigurationPlatforms) = preSolution
		Debug|Any CPU = Debug|Any CPU
		Release|Any CPU = Release|Any CPU
	EndGlobalSection
	GlobalSection(ProjectConfigurationPlatforms) = postSolution
		{C8B7A920-95F2-4254-A2D9-1DB488E166C7}.Debug|Any CPU.ActiveCfg = Debug|Any CPU
		{C8B7A920-95F2-4254-A2D9-1DB488E166C7}.Debug|Any CPU.Build.0 = Debug|Any CPU
		{C8B7A920-95F2-4254-A2D9-1DB488E166C7}.Release|Any CPU.ActiveCfg = Release|Any CPU
		{C8B7A920-95F2-4254-A2D9-1DB488E166C7}.Release|Any CPU.Build.0 = Release|Any CPU
		{2E1E31FD-CCE1-497B-9563-9C460B7579EB}.Debug|Any CPU.ActiveCfg = Debug|Any CPU
		{2E1E31FD-CCE1-497B-9563-9C460B7579EB}.Debug|Any CPU.Build.0 = Debug|Any CPU
		{2E1E31FD-CCE1-497B-9563-9C460B7579EB}.Release|Any CPU.ActiveCfg = Release|Any CPU
		{2E1E31FD-CCE1-497B-9563-9C460B7579EB}.Release|Any CPU.Build.0 = Release|Any CPU
		{9678EA0D-4AA1-42D3-B737-6F0EC3AB7FEC}.Debug|Any CPU.ActiveCfg = Debug|Any CPU
		{9678EA0D-4AA1-42D3-B737-6F0EC3AB7FEC}.Debug|Any CPU.Build.0 = Debug|Any CPU
		{9678EA0D-4AA1-42D3-B737-6F0EC3AB7FEC}.Release|Any CPU.ActiveCfg = Release|Any CPU
		{9678EA0D-4AA1-42D3-B737-6F0EC3AB7FEC}.Release|Any CPU.Build.0 = Release|Any CPU
		{414ACF4A-6E0F-4078-93D5-8EB082F5E74A}.Debug|Any CPU.ActiveCfg = Debug|Any CPU
		{414ACF4A-6E0F-4078-93D5-8EB082F5E74A}.Debug|Any CPU.Build.0 = Debug|Any CPU
		{414ACF4A-6E0F-4078-93D5-8EB082F5E74A}.Release|Any CPU.ActiveCfg = Release|Any CPU
		{414ACF4A-6E0F-4078-93D5-8EB082F5E74A}.Release|Any CPU.Build.0 = Release|Any CPU
		{617C125A-4FAF-4254-85E0-B736829D9723}.Debug|Any CPU.ActiveCfg = Debug|Any CPU
		{617C125A-4FAF-4254-85E0-B736829D9723}.Debug|Any CPU.Build.0 = Debug|Any CPU
		{617C125A-4FAF-4254-85E0-B736829D9723}.Release|Any CPU.ActiveCfg = Release|Any CPU
		{617C125A-4FAF-4254-85E0-B736829D9723}.Release|Any CPU.Build.0 = Release|Any CPU
		{64C2D4EE-076F-4BCF-927B-38B6511FBCAF}.Debug|Any CPU.ActiveCfg = Debug|Any CPU
		{64C2D4EE-076F-4BCF-927B-38B6511FBCAF}.Debug|Any CPU.Build.0 = Debug|Any CPU
		{64C2D4EE-076F-4BCF-927B-38B6511FBCAF}.Release|Any CPU.ActiveCfg = Release|Any CPU
		{64C2D4EE-076F-4BCF-927B-38B6511FBCAF}.Release|Any CPU.Build.0 = Release|Any CPU
		{6955CD97-7DAD-4574-99FD-3B598501046E}.Debug|Any CPU.ActiveCfg = Debug|Any CPU
		{6955CD97-7DAD-4574-99FD-3B598501046E}.Debug|Any CPU.Build.0 = Debug|Any CPU
		{6955CD97-7DAD-4574-99FD-3B598501046E}.Release|Any CPU.ActiveCfg = Release|Any CPU
		{6955CD97-7DAD-4574-99FD-3B598501046E}.Release|Any CPU.Build.0 = Release|Any CPU
		{80747D8C-D09E-4FEB-A7D7-FA5025E16229}.Debug|Any CPU.ActiveCfg = Debug|Any CPU
		{80747D8C-D09E-4FEB-A7D7-FA5025E16229}.Debug|Any CPU.Build.0 = Debug|Any CPU
		{80747D8C-D09E-4FEB-A7D7-FA5025E16229}.Release|Any CPU.ActiveCfg = Release|Any CPU
		{80747D8C-D09E-4FEB-A7D7-FA5025E16229}.Release|Any CPU.Build.0 = Release|Any CPU
		{D4599CED-8A53-4898-AB5B-25AD89B31838}.Debug|Any CPU.ActiveCfg = Debug|Any CPU
		{D4599CED-8A53-4898-AB5B-25AD89B31838}.Debug|Any CPU.Build.0 = Debug|Any CPU
		{D4599CED-8A53-4898-AB5B-25AD89B31838}.Release|Any CPU.ActiveCfg = Release|Any CPU
		{D4599CED-8A53-4898-AB5B-25AD89B31838}.Release|Any CPU.Build.0 = Release|Any CPU
	EndGlobalSection
	GlobalSection(SolutionProperties) = preSolution
		HideSolutionNode = FALSE
	EndGlobalSection
	GlobalSection(ExtensibilityGlobals) = postSolution
		SolutionGuid = {14C394F8-3E93-4C3A-ACA7-4BD094B8CF3E}
	EndGlobalSection
EndGlobal
