
Microsoft Visual Studio Solution File, Format Version 12.00
# Visual Studio Version 16
VisualStudioVersion = 16.0.30413.136
MinimumVisualStudioVersion = 10.0.40219.1
Project("{9A19103F-16F7-4668-BE54-9A1E7A4F7556}") = "C2_ReadLine", "C2_ReadLine\C2_ReadLine.csproj", "{C8B7A920-95F2-4254-A2D9-1DB488E166C7}"
EndProject
Project("{9A19103F-16F7-4668-BE54-9A1E7A4F7556}") = "C3_WithAClass", "C3_WithAClass\C3_WithAClass.csproj", "{2E1E31FD-CCE1-497B-9563-9C460B7579EB}"
EndProject
Project("{9A19103F-16F7-4668-BE54-9A1E7A4F7556}") = "C4_WithMethods", "C4_WithMethods\C4_WithMethods.csproj", "{9678EA0D-4AA1-42D3-B737-6F0EC3AB7FEC}"
EndProject
Project("{9A19103F-16F7-4668-BE54-9A1E7A4F7556}") = "C5_WithAgeCalculation", "C5_WithAgeCalculation\C5_WithAgeCalculation.csproj", "{414ACF4A-6E0F-4078-93D5-8EB082F5E74A}"
EndProject
Project("{9A19103F-16F7-4668-BE54-9A1E7A4F7556}") = "C6_GettersAndSetters", "C6_GettersAndSetters\C6_GettersAndSetters.csproj", "{617C125A-4FAF-4254-85E0-B736829D9723}"
EndProject
Project("{9A19103F-16F7-4668-BE54-9A1E7A4F7556}") = "C7_GettersAndSettersV2", "C7_GettersAndSettersV2\C7_GettersAndSettersV2.csproj", "{64C2D4EE-076F-4BCF-927B-38B6511FBCAF}"
EndProject
Project("{9A19103F-16F7-4668-BE54-9A1E7A4F7556}") = "C8_Arrays", "C8_Arrays\C8_Arrays.csproj", "{6955CD97-7DAD-4574-99FD-3B598501046E}"
EndProject
Project("{9A19103F-16F7-4668-BE54-9A1E7A4F7556}") = "C9_Lists", "C9_Lists\C9_Lists.csproj", "{80747D8C-D09E-4FEB-A7D7-FA5025E16229}"
EndProject
Project("{9A19103F-16F7-4668-BE54-9A1E7A4F7556}") = "C1_WriteLine", "C1_WriteLine\C1_WriteLine.csproj", "{D4599CED-8A53-4898-AB5B-25AD89B31838}"
EndProject
Project("{FAE04EC0-301F-11D3-BF4B-00C04F79EFBC}") = "C10_Struct", "C10_Struct\C10_Struct.csproj", "{FAB3E399-8315-41FA-BCFF-04AB118E134B}"
EndProject
Project("{FAE04EC0-301F-11D3-BF4B-00C04F79EFBC}") = "C11_Enum", "C11_Enum\C11_Enum.csproj", "{8B8AAA70-26DA-4664-ADE3-1A9D39FD0D39}"
EndProject
Project("{FAE04EC0-301F-11D3-BF4B-00C04F79EFBC}") = "C12_Interfaces_1", "C12_Interfaces_1\C12_Interfaces_1.csproj", "{37B37539-9BDF-4F0F-AB1D-8882D33EA113}"
EndProject
Project("{FAE04EC0-301F-11D3-BF4B-00C04F79EFBC}") = "C13_Interfaces_2", "C13_Interfaces_2\C13_Interfaces_2.csproj", "{9E249F2D-945F-4245-BB02-27E953CA9009}"
EndProject
Project("{FAE04EC0-301F-11D3-BF4B-00C04F79EFBC}") = "C14_Abstract_1", "C14_Abstract_1\C14_Abstract_1.csproj", "{E8945616-B535-42D3-B885-50CB445EBBA9}"
EndProject
Project("{FAE04EC0-301F-11D3-BF4B-00C04F79EFBC}") = "C15_Abstract_2", "C15_Abstract_2\C15_Abstract_2.csproj", "{54DE8187-3A00-4C3C-8134-D755A77CCBD7}"
EndProject
Project("{FAE04EC0-301F-11D3-BF4B-00C04F79EFBC}") = "UWP1_AsyncAwait", "UWP1_AsyncAwait\UWP1_AsyncAwait.csproj", "{AE8A3D40-5F69-439B-BDC3-4BFD244F0AF0}"
EndProject
Global
	GlobalSection(SolutionConfigurationPlatforms) = preSolution
		Debug|Any CPU = Debug|Any CPU
		Debug|ARM = Debug|ARM
		Debug|ARM64 = Debug|ARM64
		Debug|x64 = Debug|x64
		Debug|x86 = Debug|x86
		Release|Any CPU = Release|Any CPU
		Release|ARM = Release|ARM
		Release|ARM64 = Release|ARM64
		Release|x64 = Release|x64
		Release|x86 = Release|x86
	EndGlobalSection
	GlobalSection(ProjectConfigurationPlatforms) = postSolution
		{C8B7A920-95F2-4254-A2D9-1DB488E166C7}.Debug|Any CPU.ActiveCfg = Debug|Any CPU
		{C8B7A920-95F2-4254-A2D9-1DB488E166C7}.Debug|Any CPU.Build.0 = Debug|Any CPU
		{C8B7A920-95F2-4254-A2D9-1DB488E166C7}.Debug|ARM.ActiveCfg = Debug|Any CPU
		{C8B7A920-95F2-4254-A2D9-1DB488E166C7}.Debug|ARM.Build.0 = Debug|Any CPU
		{C8B7A920-95F2-4254-A2D9-1DB488E166C7}.Debug|ARM64.ActiveCfg = Debug|Any CPU
		{C8B7A920-95F2-4254-A2D9-1DB488E166C7}.Debug|ARM64.Build.0 = Debug|Any CPU
		{C8B7A920-95F2-4254-A2D9-1DB488E166C7}.Debug|x64.ActiveCfg = Debug|Any CPU
		{C8B7A920-95F2-4254-A2D9-1DB488E166C7}.Debug|x64.Build.0 = Debug|Any CPU
		{C8B7A920-95F2-4254-A2D9-1DB488E166C7}.Debug|x86.ActiveCfg = Debug|Any CPU
		{C8B7A920-95F2-4254-A2D9-1DB488E166C7}.Debug|x86.Build.0 = Debug|Any CPU
		{C8B7A920-95F2-4254-A2D9-1DB488E166C7}.Release|Any CPU.ActiveCfg = Release|Any CPU
		{C8B7A920-95F2-4254-A2D9-1DB488E166C7}.Release|Any CPU.Build.0 = Release|Any CPU
		{C8B7A920-95F2-4254-A2D9-1DB488E166C7}.Release|ARM.ActiveCfg = Release|Any CPU
		{C8B7A920-95F2-4254-A2D9-1DB488E166C7}.Release|ARM.Build.0 = Release|Any CPU
		{C8B7A920-95F2-4254-A2D9-1DB488E166C7}.Release|ARM64.ActiveCfg = Release|Any CPU
		{C8B7A920-95F2-4254-A2D9-1DB488E166C7}.Release|ARM64.Build.0 = Release|Any CPU
		{C8B7A920-95F2-4254-A2D9-1DB488E166C7}.Release|x64.ActiveCfg = Release|Any CPU
		{C8B7A920-95F2-4254-A2D9-1DB488E166C7}.Release|x64.Build.0 = Release|Any CPU
		{C8B7A920-95F2-4254-A2D9-1DB488E166C7}.Release|x86.ActiveCfg = Release|Any CPU
		{C8B7A920-95F2-4254-A2D9-1DB488E166C7}.Release|x86.Build.0 = Release|Any CPU
		{2E1E31FD-CCE1-497B-9563-9C460B7579EB}.Debug|Any CPU.ActiveCfg = Debug|Any CPU
		{2E1E31FD-CCE1-497B-9563-9C460B7579EB}.Debug|Any CPU.Build.0 = Debug|Any CPU
		{2E1E31FD-CCE1-497B-9563-9C460B7579EB}.Debug|ARM.ActiveCfg = Debug|Any CPU
		{2E1E31FD-CCE1-497B-9563-9C460B7579EB}.Debug|ARM.Build.0 = Debug|Any CPU
		{2E1E31FD-CCE1-497B-9563-9C460B7579EB}.Debug|ARM64.ActiveCfg = Debug|Any CPU
		{2E1E31FD-CCE1-497B-9563-9C460B7579EB}.Debug|ARM64.Build.0 = Debug|Any CPU
		{2E1E31FD-CCE1-497B-9563-9C460B7579EB}.Debug|x64.ActiveCfg = Debug|Any CPU
		{2E1E31FD-CCE1-497B-9563-9C460B7579EB}.Debug|x64.Build.0 = Debug|Any CPU
		{2E1E31FD-CCE1-497B-9563-9C460B7579EB}.Debug|x86.ActiveCfg = Debug|Any CPU
		{2E1E31FD-CCE1-497B-9563-9C460B7579EB}.Debug|x86.Build.0 = Debug|Any CPU
		{2E1E31FD-CCE1-497B-9563-9C460B7579EB}.Release|Any CPU.ActiveCfg = Release|Any CPU
		{2E1E31FD-CCE1-497B-9563-9C460B7579EB}.Release|Any CPU.Build.0 = Release|Any CPU
		{2E1E31FD-CCE1-497B-9563-9C460B7579EB}.Release|ARM.ActiveCfg = Release|Any CPU
		{2E1E31FD-CCE1-497B-9563-9C460B7579EB}.Release|ARM.Build.0 = Release|Any CPU
		{2E1E31FD-CCE1-497B-9563-9C460B7579EB}.Release|ARM64.ActiveCfg = Release|Any CPU
		{2E1E31FD-CCE1-497B-9563-9C460B7579EB}.Release|ARM64.Build.0 = Release|Any CPU
		{2E1E31FD-CCE1-497B-9563-9C460B7579EB}.Release|x64.ActiveCfg = Release|Any CPU
		{2E1E31FD-CCE1-497B-9563-9C460B7579EB}.Release|x64.Build.0 = Release|Any CPU
		{2E1E31FD-CCE1-497B-9563-9C460B7579EB}.Release|x86.ActiveCfg = Release|Any CPU
		{2E1E31FD-CCE1-497B-9563-9C460B7579EB}.Release|x86.Build.0 = Release|Any CPU
		{9678EA0D-4AA1-42D3-B737-6F0EC3AB7FEC}.Debug|Any CPU.ActiveCfg = Debug|Any CPU
		{9678EA0D-4AA1-42D3-B737-6F0EC3AB7FEC}.Debug|Any CPU.Build.0 = Debug|Any CPU
		{9678EA0D-4AA1-42D3-B737-6F0EC3AB7FEC}.Debug|ARM.ActiveCfg = Debug|Any CPU
		{9678EA0D-4AA1-42D3-B737-6F0EC3AB7FEC}.Debug|ARM.Build.0 = Debug|Any CPU
		{9678EA0D-4AA1-42D3-B737-6F0EC3AB7FEC}.Debug|ARM64.ActiveCfg = Debug|Any CPU
		{9678EA0D-4AA1-42D3-B737-6F0EC3AB7FEC}.Debug|ARM64.Build.0 = Debug|Any CPU
		{9678EA0D-4AA1-42D3-B737-6F0EC3AB7FEC}.Debug|x64.ActiveCfg = Debug|Any CPU
		{9678EA0D-4AA1-42D3-B737-6F0EC3AB7FEC}.Debug|x64.Build.0 = Debug|Any CPU
		{9678EA0D-4AA1-42D3-B737-6F0EC3AB7FEC}.Debug|x86.ActiveCfg = Debug|Any CPU
		{9678EA0D-4AA1-42D3-B737-6F0EC3AB7FEC}.Debug|x86.Build.0 = Debug|Any CPU
		{9678EA0D-4AA1-42D3-B737-6F0EC3AB7FEC}.Release|Any CPU.ActiveCfg = Release|Any CPU
		{9678EA0D-4AA1-42D3-B737-6F0EC3AB7FEC}.Release|Any CPU.Build.0 = Release|Any CPU
		{9678EA0D-4AA1-42D3-B737-6F0EC3AB7FEC}.Release|ARM.ActiveCfg = Release|Any CPU
		{9678EA0D-4AA1-42D3-B737-6F0EC3AB7FEC}.Release|ARM.Build.0 = Release|Any CPU
		{9678EA0D-4AA1-42D3-B737-6F0EC3AB7FEC}.Release|ARM64.ActiveCfg = Release|Any CPU
		{9678EA0D-4AA1-42D3-B737-6F0EC3AB7FEC}.Release|ARM64.Build.0 = Release|Any CPU
		{9678EA0D-4AA1-42D3-B737-6F0EC3AB7FEC}.Release|x64.ActiveCfg = Release|Any CPU
		{9678EA0D-4AA1-42D3-B737-6F0EC3AB7FEC}.Release|x64.Build.0 = Release|Any CPU
		{9678EA0D-4AA1-42D3-B737-6F0EC3AB7FEC}.Release|x86.ActiveCfg = Release|Any CPU
		{9678EA0D-4AA1-42D3-B737-6F0EC3AB7FEC}.Release|x86.Build.0 = Release|Any CPU
		{414ACF4A-6E0F-4078-93D5-8EB082F5E74A}.Debug|Any CPU.ActiveCfg = Debug|Any CPU
		{414ACF4A-6E0F-4078-93D5-8EB082F5E74A}.Debug|Any CPU.Build.0 = Debug|Any CPU
		{414ACF4A-6E0F-4078-93D5-8EB082F5E74A}.Debug|ARM.ActiveCfg = Debug|Any CPU
		{414ACF4A-6E0F-4078-93D5-8EB082F5E74A}.Debug|ARM.Build.0 = Debug|Any CPU
		{414ACF4A-6E0F-4078-93D5-8EB082F5E74A}.Debug|ARM64.ActiveCfg = Debug|Any CPU
		{414ACF4A-6E0F-4078-93D5-8EB082F5E74A}.Debug|ARM64.Build.0 = Debug|Any CPU
		{414ACF4A-6E0F-4078-93D5-8EB082F5E74A}.Debug|x64.ActiveCfg = Debug|Any CPU
		{414ACF4A-6E0F-4078-93D5-8EB082F5E74A}.Debug|x64.Build.0 = Debug|Any CPU
		{414ACF4A-6E0F-4078-93D5-8EB082F5E74A}.Debug|x86.ActiveCfg = Debug|Any CPU
		{414ACF4A-6E0F-4078-93D5-8EB082F5E74A}.Debug|x86.Build.0 = Debug|Any CPU
		{414ACF4A-6E0F-4078-93D5-8EB082F5E74A}.Release|Any CPU.ActiveCfg = Release|Any CPU
		{414ACF4A-6E0F-4078-93D5-8EB082F5E74A}.Release|Any CPU.Build.0 = Release|Any CPU
		{414ACF4A-6E0F-4078-93D5-8EB082F5E74A}.Release|ARM.ActiveCfg = Release|Any CPU
		{414ACF4A-6E0F-4078-93D5-8EB082F5E74A}.Release|ARM.Build.0 = Release|Any CPU
		{414ACF4A-6E0F-4078-93D5-8EB082F5E74A}.Release|ARM64.ActiveCfg = Release|Any CPU
		{414ACF4A-6E0F-4078-93D5-8EB082F5E74A}.Release|ARM64.Build.0 = Release|Any CPU
		{414ACF4A-6E0F-4078-93D5-8EB082F5E74A}.Release|x64.ActiveCfg = Release|Any CPU
		{414ACF4A-6E0F-4078-93D5-8EB082F5E74A}.Release|x64.Build.0 = Release|Any CPU
		{414ACF4A-6E0F-4078-93D5-8EB082F5E74A}.Release|x86.ActiveCfg = Release|Any CPU
		{414ACF4A-6E0F-4078-93D5-8EB082F5E74A}.Release|x86.Build.0 = Release|Any CPU
		{617C125A-4FAF-4254-85E0-B736829D9723}.Debug|Any CPU.ActiveCfg = Debug|Any CPU
		{617C125A-4FAF-4254-85E0-B736829D9723}.Debug|Any CPU.Build.0 = Debug|Any CPU
		{617C125A-4FAF-4254-85E0-B736829D9723}.Debug|ARM.ActiveCfg = Debug|Any CPU
		{617C125A-4FAF-4254-85E0-B736829D9723}.Debug|ARM.Build.0 = Debug|Any CPU
		{617C125A-4FAF-4254-85E0-B736829D9723}.Debug|ARM64.ActiveCfg = Debug|Any CPU
		{617C125A-4FAF-4254-85E0-B736829D9723}.Debug|ARM64.Build.0 = Debug|Any CPU
		{617C125A-4FAF-4254-85E0-B736829D9723}.Debug|x64.ActiveCfg = Debug|Any CPU
		{617C125A-4FAF-4254-85E0-B736829D9723}.Debug|x64.Build.0 = Debug|Any CPU
		{617C125A-4FAF-4254-85E0-B736829D9723}.Debug|x86.ActiveCfg = Debug|Any CPU
		{617C125A-4FAF-4254-85E0-B736829D9723}.Debug|x86.Build.0 = Debug|Any CPU
		{617C125A-4FAF-4254-85E0-B736829D9723}.Release|Any CPU.ActiveCfg = Release|Any CPU
		{617C125A-4FAF-4254-85E0-B736829D9723}.Release|Any CPU.Build.0 = Release|Any CPU
		{617C125A-4FAF-4254-85E0-B736829D9723}.Release|ARM.ActiveCfg = Release|Any CPU
		{617C125A-4FAF-4254-85E0-B736829D9723}.Release|ARM.Build.0 = Release|Any CPU
		{617C125A-4FAF-4254-85E0-B736829D9723}.Release|ARM64.ActiveCfg = Release|Any CPU
		{617C125A-4FAF-4254-85E0-B736829D9723}.Release|ARM64.Build.0 = Release|Any CPU
		{617C125A-4FAF-4254-85E0-B736829D9723}.Release|x64.ActiveCfg = Release|Any CPU
		{617C125A-4FAF-4254-85E0-B736829D9723}.Release|x64.Build.0 = Release|Any CPU
		{617C125A-4FAF-4254-85E0-B736829D9723}.Release|x86.ActiveCfg = Release|Any CPU
		{617C125A-4FAF-4254-85E0-B736829D9723}.Release|x86.Build.0 = Release|Any CPU
		{64C2D4EE-076F-4BCF-927B-38B6511FBCAF}.Debug|Any CPU.ActiveCfg = Debug|Any CPU
		{64C2D4EE-076F-4BCF-927B-38B6511FBCAF}.Debug|Any CPU.Build.0 = Debug|Any CPU
		{64C2D4EE-076F-4BCF-927B-38B6511FBCAF}.Debug|ARM.ActiveCfg = Debug|Any CPU
		{64C2D4EE-076F-4BCF-927B-38B6511FBCAF}.Debug|ARM.Build.0 = Debug|Any CPU
		{64C2D4EE-076F-4BCF-927B-38B6511FBCAF}.Debug|ARM64.ActiveCfg = Debug|Any CPU
		{64C2D4EE-076F-4BCF-927B-38B6511FBCAF}.Debug|ARM64.Build.0 = Debug|Any CPU
		{64C2D4EE-076F-4BCF-927B-38B6511FBCAF}.Debug|x64.ActiveCfg = Debug|Any CPU
		{64C2D4EE-076F-4BCF-927B-38B6511FBCAF}.Debug|x64.Build.0 = Debug|Any CPU
		{64C2D4EE-076F-4BCF-927B-38B6511FBCAF}.Debug|x86.ActiveCfg = Debug|Any CPU
		{64C2D4EE-076F-4BCF-927B-38B6511FBCAF}.Debug|x86.Build.0 = Debug|Any CPU
		{64C2D4EE-076F-4BCF-927B-38B6511FBCAF}.Release|Any CPU.ActiveCfg = Release|Any CPU
		{64C2D4EE-076F-4BCF-927B-38B6511FBCAF}.Release|Any CPU.Build.0 = Release|Any CPU
		{64C2D4EE-076F-4BCF-927B-38B6511FBCAF}.Release|ARM.ActiveCfg = Release|Any CPU
		{64C2D4EE-076F-4BCF-927B-38B6511FBCAF}.Release|ARM.Build.0 = Release|Any CPU
		{64C2D4EE-076F-4BCF-927B-38B6511FBCAF}.Release|ARM64.ActiveCfg = Release|Any CPU
		{64C2D4EE-076F-4BCF-927B-38B6511FBCAF}.Release|ARM64.Build.0 = Release|Any CPU
		{64C2D4EE-076F-4BCF-927B-38B6511FBCAF}.Release|x64.ActiveCfg = Release|Any CPU
		{64C2D4EE-076F-4BCF-927B-38B6511FBCAF}.Release|x64.Build.0 = Release|Any CPU
		{64C2D4EE-076F-4BCF-927B-38B6511FBCAF}.Release|x86.ActiveCfg = Release|Any CPU
		{64C2D4EE-076F-4BCF-927B-38B6511FBCAF}.Release|x86.Build.0 = Release|Any CPU
		{6955CD97-7DAD-4574-99FD-3B598501046E}.Debug|Any CPU.ActiveCfg = Debug|Any CPU
		{6955CD97-7DAD-4574-99FD-3B598501046E}.Debug|Any CPU.Build.0 = Debug|Any CPU
		{6955CD97-7DAD-4574-99FD-3B598501046E}.Debug|ARM.ActiveCfg = Debug|Any CPU
		{6955CD97-7DAD-4574-99FD-3B598501046E}.Debug|ARM.Build.0 = Debug|Any CPU
		{6955CD97-7DAD-4574-99FD-3B598501046E}.Debug|ARM64.ActiveCfg = Debug|Any CPU
		{6955CD97-7DAD-4574-99FD-3B598501046E}.Debug|ARM64.Build.0 = Debug|Any CPU
		{6955CD97-7DAD-4574-99FD-3B598501046E}.Debug|x64.ActiveCfg = Debug|Any CPU
		{6955CD97-7DAD-4574-99FD-3B598501046E}.Debug|x64.Build.0 = Debug|Any CPU
		{6955CD97-7DAD-4574-99FD-3B598501046E}.Debug|x86.ActiveCfg = Debug|Any CPU
		{6955CD97-7DAD-4574-99FD-3B598501046E}.Debug|x86.Build.0 = Debug|Any CPU
		{6955CD97-7DAD-4574-99FD-3B598501046E}.Release|Any CPU.ActiveCfg = Release|Any CPU
		{6955CD97-7DAD-4574-99FD-3B598501046E}.Release|Any CPU.Build.0 = Release|Any CPU
		{6955CD97-7DAD-4574-99FD-3B598501046E}.Release|ARM.ActiveCfg = Release|Any CPU
		{6955CD97-7DAD-4574-99FD-3B598501046E}.Release|ARM.Build.0 = Release|Any CPU
		{6955CD97-7DAD-4574-99FD-3B598501046E}.Release|ARM64.ActiveCfg = Release|Any CPU
		{6955CD97-7DAD-4574-99FD-3B598501046E}.Release|ARM64.Build.0 = Release|Any CPU
		{6955CD97-7DAD-4574-99FD-3B598501046E}.Release|x64.ActiveCfg = Release|Any CPU
		{6955CD97-7DAD-4574-99FD-3B598501046E}.Release|x64.Build.0 = Release|Any CPU
		{6955CD97-7DAD-4574-99FD-3B598501046E}.Release|x86.ActiveCfg = Release|Any CPU
		{6955CD97-7DAD-4574-99FD-3B598501046E}.Release|x86.Build.0 = Release|Any CPU
		{80747D8C-D09E-4FEB-A7D7-FA5025E16229}.Debug|Any CPU.ActiveCfg = Debug|Any CPU
		{80747D8C-D09E-4FEB-A7D7-FA5025E16229}.Debug|Any CPU.Build.0 = Debug|Any CPU
		{80747D8C-D09E-4FEB-A7D7-FA5025E16229}.Debug|ARM.ActiveCfg = Debug|Any CPU
		{80747D8C-D09E-4FEB-A7D7-FA5025E16229}.Debug|ARM.Build.0 = Debug|Any CPU
		{80747D8C-D09E-4FEB-A7D7-FA5025E16229}.Debug|ARM64.ActiveCfg = Debug|Any CPU
		{80747D8C-D09E-4FEB-A7D7-FA5025E16229}.Debug|ARM64.Build.0 = Debug|Any CPU
		{80747D8C-D09E-4FEB-A7D7-FA5025E16229}.Debug|x64.ActiveCfg = Debug|Any CPU
		{80747D8C-D09E-4FEB-A7D7-FA5025E16229}.Debug|x64.Build.0 = Debug|Any CPU
		{80747D8C-D09E-4FEB-A7D7-FA5025E16229}.Debug|x86.ActiveCfg = Debug|Any CPU
		{80747D8C-D09E-4FEB-A7D7-FA5025E16229}.Debug|x86.Build.0 = Debug|Any CPU
		{80747D8C-D09E-4FEB-A7D7-FA5025E16229}.Release|Any CPU.ActiveCfg = Release|Any CPU
		{80747D8C-D09E-4FEB-A7D7-FA5025E16229}.Release|Any CPU.Build.0 = Release|Any CPU
		{80747D8C-D09E-4FEB-A7D7-FA5025E16229}.Release|ARM.ActiveCfg = Release|Any CPU
		{80747D8C-D09E-4FEB-A7D7-FA5025E16229}.Release|ARM.Build.0 = Release|Any CPU
		{80747D8C-D09E-4FEB-A7D7-FA5025E16229}.Release|ARM64.ActiveCfg = Release|Any CPU
		{80747D8C-D09E-4FEB-A7D7-FA5025E16229}.Release|ARM64.Build.0 = Release|Any CPU
		{80747D8C-D09E-4FEB-A7D7-FA5025E16229}.Release|x64.ActiveCfg = Release|Any CPU
		{80747D8C-D09E-4FEB-A7D7-FA5025E16229}.Release|x64.Build.0 = Release|Any CPU
		{80747D8C-D09E-4FEB-A7D7-FA5025E16229}.Release|x86.ActiveCfg = Release|Any CPU
		{80747D8C-D09E-4FEB-A7D7-FA5025E16229}.Release|x86.Build.0 = Release|Any CPU
		{D4599CED-8A53-4898-AB5B-25AD89B31838}.Debug|Any CPU.ActiveCfg = Debug|Any CPU
		{D4599CED-8A53-4898-AB5B-25AD89B31838}.Debug|Any CPU.Build.0 = Debug|Any CPU
		{D4599CED-8A53-4898-AB5B-25AD89B31838}.Debug|ARM.ActiveCfg = Debug|Any CPU
		{D4599CED-8A53-4898-AB5B-25AD89B31838}.Debug|ARM.Build.0 = Debug|Any CPU
		{D4599CED-8A53-4898-AB5B-25AD89B31838}.Debug|ARM64.ActiveCfg = Debug|Any CPU
		{D4599CED-8A53-4898-AB5B-25AD89B31838}.Debug|ARM64.Build.0 = Debug|Any CPU
		{D4599CED-8A53-4898-AB5B-25AD89B31838}.Debug|x64.ActiveCfg = Debug|Any CPU
		{D4599CED-8A53-4898-AB5B-25AD89B31838}.Debug|x64.Build.0 = Debug|Any CPU
		{D4599CED-8A53-4898-AB5B-25AD89B31838}.Debug|x86.ActiveCfg = Debug|Any CPU
		{D4599CED-8A53-4898-AB5B-25AD89B31838}.Debug|x86.Build.0 = Debug|Any CPU
		{D4599CED-8A53-4898-AB5B-25AD89B31838}.Release|Any CPU.ActiveCfg = Release|Any CPU
		{D4599CED-8A53-4898-AB5B-25AD89B31838}.Release|Any CPU.Build.0 = Release|Any CPU
		{D4599CED-8A53-4898-AB5B-25AD89B31838}.Release|ARM.ActiveCfg = Release|Any CPU
		{D4599CED-8A53-4898-AB5B-25AD89B31838}.Release|ARM.Build.0 = Release|Any CPU
		{D4599CED-8A53-4898-AB5B-25AD89B31838}.Release|ARM64.ActiveCfg = Release|Any CPU
		{D4599CED-8A53-4898-AB5B-25AD89B31838}.Release|ARM64.Build.0 = Release|Any CPU
		{D4599CED-8A53-4898-AB5B-25AD89B31838}.Release|x64.ActiveCfg = Release|Any CPU
		{D4599CED-8A53-4898-AB5B-25AD89B31838}.Release|x64.Build.0 = Release|Any CPU
		{D4599CED-8A53-4898-AB5B-25AD89B31838}.Release|x86.ActiveCfg = Release|Any CPU
		{D4599CED-8A53-4898-AB5B-25AD89B31838}.Release|x86.Build.0 = Release|Any CPU
		{FAB3E399-8315-41FA-BCFF-04AB118E134B}.Debug|Any CPU.ActiveCfg = Debug|Any CPU
		{FAB3E399-8315-41FA-BCFF-04AB118E134B}.Debug|Any CPU.Build.0 = Debug|Any CPU
		{FAB3E399-8315-41FA-BCFF-04AB118E134B}.Debug|ARM.ActiveCfg = Debug|Any CPU
		{FAB3E399-8315-41FA-BCFF-04AB118E134B}.Debug|ARM.Build.0 = Debug|Any CPU
		{FAB3E399-8315-41FA-BCFF-04AB118E134B}.Debug|ARM64.ActiveCfg = Debug|Any CPU
		{FAB3E399-8315-41FA-BCFF-04AB118E134B}.Debug|ARM64.Build.0 = Debug|Any CPU
		{FAB3E399-8315-41FA-BCFF-04AB118E134B}.Debug|x64.ActiveCfg = Debug|Any CPU
		{FAB3E399-8315-41FA-BCFF-04AB118E134B}.Debug|x64.Build.0 = Debug|Any CPU
		{FAB3E399-8315-41FA-BCFF-04AB118E134B}.Debug|x86.ActiveCfg = Debug|Any CPU
		{FAB3E399-8315-41FA-BCFF-04AB118E134B}.Debug|x86.Build.0 = Debug|Any CPU
		{FAB3E399-8315-41FA-BCFF-04AB118E134B}.Release|Any CPU.ActiveCfg = Release|Any CPU
		{FAB3E399-8315-41FA-BCFF-04AB118E134B}.Release|Any CPU.Build.0 = Release|Any CPU
		{FAB3E399-8315-41FA-BCFF-04AB118E134B}.Release|ARM.ActiveCfg = Release|Any CPU
		{FAB3E399-8315-41FA-BCFF-04AB118E134B}.Release|ARM.Build.0 = Release|Any CPU
		{FAB3E399-8315-41FA-BCFF-04AB118E134B}.Release|ARM64.ActiveCfg = Release|Any CPU
		{FAB3E399-8315-41FA-BCFF-04AB118E134B}.Release|ARM64.Build.0 = Release|Any CPU
		{FAB3E399-8315-41FA-BCFF-04AB118E134B}.Release|x64.ActiveCfg = Release|Any CPU
		{FAB3E399-8315-41FA-BCFF-04AB118E134B}.Release|x64.Build.0 = Release|Any CPU
		{FAB3E399-8315-41FA-BCFF-04AB118E134B}.Release|x86.ActiveCfg = Release|Any CPU
		{FAB3E399-8315-41FA-BCFF-04AB118E134B}.Release|x86.Build.0 = Release|Any CPU
		{8B8AAA70-26DA-4664-ADE3-1A9D39FD0D39}.Debug|Any CPU.ActiveCfg = Debug|Any CPU
		{8B8AAA70-26DA-4664-ADE3-1A9D39FD0D39}.Debug|Any CPU.Build.0 = Debug|Any CPU
		{8B8AAA70-26DA-4664-ADE3-1A9D39FD0D39}.Debug|ARM.ActiveCfg = Debug|Any CPU
		{8B8AAA70-26DA-4664-ADE3-1A9D39FD0D39}.Debug|ARM.Build.0 = Debug|Any CPU
		{8B8AAA70-26DA-4664-ADE3-1A9D39FD0D39}.Debug|ARM64.ActiveCfg = Debug|Any CPU
		{8B8AAA70-26DA-4664-ADE3-1A9D39FD0D39}.Debug|ARM64.Build.0 = Debug|Any CPU
		{8B8AAA70-26DA-4664-ADE3-1A9D39FD0D39}.Debug|x64.ActiveCfg = Debug|Any CPU
		{8B8AAA70-26DA-4664-ADE3-1A9D39FD0D39}.Debug|x64.Build.0 = Debug|Any CPU
		{8B8AAA70-26DA-4664-ADE3-1A9D39FD0D39}.Debug|x86.ActiveCfg = Debug|Any CPU
		{8B8AAA70-26DA-4664-ADE3-1A9D39FD0D39}.Debug|x86.Build.0 = Debug|Any CPU
		{8B8AAA70-26DA-4664-ADE3-1A9D39FD0D39}.Release|Any CPU.ActiveCfg = Release|Any CPU
		{8B8AAA70-26DA-4664-ADE3-1A9D39FD0D39}.Release|Any CPU.Build.0 = Release|Any CPU
		{8B8AAA70-26DA-4664-ADE3-1A9D39FD0D39}.Release|ARM.ActiveCfg = Release|Any CPU
		{8B8AAA70-26DA-4664-ADE3-1A9D39FD0D39}.Release|ARM.Build.0 = Release|Any CPU
		{8B8AAA70-26DA-4664-ADE3-1A9D39FD0D39}.Release|ARM64.ActiveCfg = Release|Any CPU
		{8B8AAA70-26DA-4664-ADE3-1A9D39FD0D39}.Release|ARM64.Build.0 = Release|Any CPU
		{8B8AAA70-26DA-4664-ADE3-1A9D39FD0D39}.Release|x64.ActiveCfg = Release|Any CPU
		{8B8AAA70-26DA-4664-ADE3-1A9D39FD0D39}.Release|x64.Build.0 = Release|Any CPU
		{8B8AAA70-26DA-4664-ADE3-1A9D39FD0D39}.Release|x86.ActiveCfg = Release|Any CPU
		{8B8AAA70-26DA-4664-ADE3-1A9D39FD0D39}.Release|x86.Build.0 = Release|Any CPU
		{37B37539-9BDF-4F0F-AB1D-8882D33EA113}.Debug|Any CPU.ActiveCfg = Debug|Any CPU
		{37B37539-9BDF-4F0F-AB1D-8882D33EA113}.Debug|Any CPU.Build.0 = Debug|Any CPU
		{37B37539-9BDF-4F0F-AB1D-8882D33EA113}.Debug|ARM.ActiveCfg = Debug|Any CPU
		{37B37539-9BDF-4F0F-AB1D-8882D33EA113}.Debug|ARM.Build.0 = Debug|Any CPU
		{37B37539-9BDF-4F0F-AB1D-8882D33EA113}.Debug|ARM64.ActiveCfg = Debug|Any CPU
		{37B37539-9BDF-4F0F-AB1D-8882D33EA113}.Debug|ARM64.Build.0 = Debug|Any CPU
		{37B37539-9BDF-4F0F-AB1D-8882D33EA113}.Debug|x64.ActiveCfg = Debug|Any CPU
		{37B37539-9BDF-4F0F-AB1D-8882D33EA113}.Debug|x64.Build.0 = Debug|Any CPU
		{37B37539-9BDF-4F0F-AB1D-8882D33EA113}.Debug|x86.ActiveCfg = Debug|Any CPU
		{37B37539-9BDF-4F0F-AB1D-8882D33EA113}.Debug|x86.Build.0 = Debug|Any CPU
		{37B37539-9BDF-4F0F-AB1D-8882D33EA113}.Release|Any CPU.ActiveCfg = Release|Any CPU
		{37B37539-9BDF-4F0F-AB1D-8882D33EA113}.Release|Any CPU.Build.0 = Release|Any CPU
		{37B37539-9BDF-4F0F-AB1D-8882D33EA113}.Release|ARM.ActiveCfg = Release|Any CPU
		{37B37539-9BDF-4F0F-AB1D-8882D33EA113}.Release|ARM.Build.0 = Release|Any CPU
		{37B37539-9BDF-4F0F-AB1D-8882D33EA113}.Release|ARM64.ActiveCfg = Release|Any CPU
		{37B37539-9BDF-4F0F-AB1D-8882D33EA113}.Release|ARM64.Build.0 = Release|Any CPU
		{37B37539-9BDF-4F0F-AB1D-8882D33EA113}.Release|x64.ActiveCfg = Release|Any CPU
		{37B37539-9BDF-4F0F-AB1D-8882D33EA113}.Release|x64.Build.0 = Release|Any CPU
		{37B37539-9BDF-4F0F-AB1D-8882D33EA113}.Release|x86.ActiveCfg = Release|Any CPU
		{37B37539-9BDF-4F0F-AB1D-8882D33EA113}.Release|x86.Build.0 = Release|Any CPU
		{9E249F2D-945F-4245-BB02-27E953CA9009}.Debug|Any CPU.ActiveCfg = Debug|Any CPU
		{9E249F2D-945F-4245-BB02-27E953CA9009}.Debug|Any CPU.Build.0 = Debug|Any CPU
		{9E249F2D-945F-4245-BB02-27E953CA9009}.Debug|ARM.ActiveCfg = Debug|Any CPU
		{9E249F2D-945F-4245-BB02-27E953CA9009}.Debug|ARM.Build.0 = Debug|Any CPU
		{9E249F2D-945F-4245-BB02-27E953CA9009}.Debug|ARM64.ActiveCfg = Debug|Any CPU
		{9E249F2D-945F-4245-BB02-27E953CA9009}.Debug|ARM64.Build.0 = Debug|Any CPU
		{9E249F2D-945F-4245-BB02-27E953CA9009}.Debug|x64.ActiveCfg = Debug|Any CPU
		{9E249F2D-945F-4245-BB02-27E953CA9009}.Debug|x64.Build.0 = Debug|Any CPU
		{9E249F2D-945F-4245-BB02-27E953CA9009}.Debug|x86.ActiveCfg = Debug|Any CPU
		{9E249F2D-945F-4245-BB02-27E953CA9009}.Debug|x86.Build.0 = Debug|Any CPU
		{9E249F2D-945F-4245-BB02-27E953CA9009}.Release|Any CPU.ActiveCfg = Release|Any CPU
		{9E249F2D-945F-4245-BB02-27E953CA9009}.Release|Any CPU.Build.0 = Release|Any CPU
		{9E249F2D-945F-4245-BB02-27E953CA9009}.Release|ARM.ActiveCfg = Release|Any CPU
		{9E249F2D-945F-4245-BB02-27E953CA9009}.Release|ARM.Build.0 = Release|Any CPU
		{9E249F2D-945F-4245-BB02-27E953CA9009}.Release|ARM64.ActiveCfg = Release|Any CPU
		{9E249F2D-945F-4245-BB02-27E953CA9009}.Release|ARM64.Build.0 = Release|Any CPU
		{9E249F2D-945F-4245-BB02-27E953CA9009}.Release|x64.ActiveCfg = Release|Any CPU
		{9E249F2D-945F-4245-BB02-27E953CA9009}.Release|x64.Build.0 = Release|Any CPU
		{9E249F2D-945F-4245-BB02-27E953CA9009}.Release|x86.ActiveCfg = Release|Any CPU
		{9E249F2D-945F-4245-BB02-27E953CA9009}.Release|x86.Build.0 = Release|Any CPU
		{E8945616-B535-42D3-B885-50CB445EBBA9}.Debug|Any CPU.ActiveCfg = Debug|Any CPU
		{E8945616-B535-42D3-B885-50CB445EBBA9}.Debug|Any CPU.Build.0 = Debug|Any CPU
		{E8945616-B535-42D3-B885-50CB445EBBA9}.Debug|ARM.ActiveCfg = Debug|Any CPU
		{E8945616-B535-42D3-B885-50CB445EBBA9}.Debug|ARM.Build.0 = Debug|Any CPU
		{E8945616-B535-42D3-B885-50CB445EBBA9}.Debug|ARM64.ActiveCfg = Debug|Any CPU
		{E8945616-B535-42D3-B885-50CB445EBBA9}.Debug|ARM64.Build.0 = Debug|Any CPU
		{E8945616-B535-42D3-B885-50CB445EBBA9}.Debug|x64.ActiveCfg = Debug|Any CPU
		{E8945616-B535-42D3-B885-50CB445EBBA9}.Debug|x64.Build.0 = Debug|Any CPU
		{E8945616-B535-42D3-B885-50CB445EBBA9}.Debug|x86.ActiveCfg = Debug|Any CPU
		{E8945616-B535-42D3-B885-50CB445EBBA9}.Debug|x86.Build.0 = Debug|Any CPU
		{E8945616-B535-42D3-B885-50CB445EBBA9}.Release|Any CPU.ActiveCfg = Release|Any CPU
		{E8945616-B535-42D3-B885-50CB445EBBA9}.Release|Any CPU.Build.0 = Release|Any CPU
		{E8945616-B535-42D3-B885-50CB445EBBA9}.Release|ARM.ActiveCfg = Release|Any CPU
		{E8945616-B535-42D3-B885-50CB445EBBA9}.Release|ARM.Build.0 = Release|Any CPU
		{E8945616-B535-42D3-B885-50CB445EBBA9}.Release|ARM64.ActiveCfg = Release|Any CPU
		{E8945616-B535-42D3-B885-50CB445EBBA9}.Release|ARM64.Build.0 = Release|Any CPU
		{E8945616-B535-42D3-B885-50CB445EBBA9}.Release|x64.ActiveCfg = Release|Any CPU
		{E8945616-B535-42D3-B885-50CB445EBBA9}.Release|x64.Build.0 = Release|Any CPU
		{E8945616-B535-42D3-B885-50CB445EBBA9}.Release|x86.ActiveCfg = Release|Any CPU
		{E8945616-B535-42D3-B885-50CB445EBBA9}.Release|x86.Build.0 = Release|Any CPU
		{54DE8187-3A00-4C3C-8134-D755A77CCBD7}.Debug|Any CPU.ActiveCfg = Debug|Any CPU
		{54DE8187-3A00-4C3C-8134-D755A77CCBD7}.Debug|Any CPU.Build.0 = Debug|Any CPU
		{54DE8187-3A00-4C3C-8134-D755A77CCBD7}.Debug|ARM.ActiveCfg = Debug|Any CPU
		{54DE8187-3A00-4C3C-8134-D755A77CCBD7}.Debug|ARM.Build.0 = Debug|Any CPU
		{54DE8187-3A00-4C3C-8134-D755A77CCBD7}.Debug|ARM64.ActiveCfg = Debug|Any CPU
		{54DE8187-3A00-4C3C-8134-D755A77CCBD7}.Debug|ARM64.Build.0 = Debug|Any CPU
		{54DE8187-3A00-4C3C-8134-D755A77CCBD7}.Debug|x64.ActiveCfg = Debug|Any CPU
		{54DE8187-3A00-4C3C-8134-D755A77CCBD7}.Debug|x64.Build.0 = Debug|Any CPU
		{54DE8187-3A00-4C3C-8134-D755A77CCBD7}.Debug|x86.ActiveCfg = Debug|Any CPU
		{54DE8187-3A00-4C3C-8134-D755A77CCBD7}.Debug|x86.Build.0 = Debug|Any CPU
		{54DE8187-3A00-4C3C-8134-D755A77CCBD7}.Release|Any CPU.ActiveCfg = Release|Any CPU
		{54DE8187-3A00-4C3C-8134-D755A77CCBD7}.Release|Any CPU.Build.0 = Release|Any CPU
		{54DE8187-3A00-4C3C-8134-D755A77CCBD7}.Release|ARM.ActiveCfg = Release|Any CPU
		{54DE8187-3A00-4C3C-8134-D755A77CCBD7}.Release|ARM.Build.0 = Release|Any CPU
		{54DE8187-3A00-4C3C-8134-D755A77CCBD7}.Release|ARM64.ActiveCfg = Release|Any CPU
		{54DE8187-3A00-4C3C-8134-D755A77CCBD7}.Release|ARM64.Build.0 = Release|Any CPU
		{54DE8187-3A00-4C3C-8134-D755A77CCBD7}.Release|x64.ActiveCfg = Release|Any CPU
		{54DE8187-3A00-4C3C-8134-D755A77CCBD7}.Release|x64.Build.0 = Release|Any CPU
		{54DE8187-3A00-4C3C-8134-D755A77CCBD7}.Release|x86.ActiveCfg = Release|Any CPU
		{54DE8187-3A00-4C3C-8134-D755A77CCBD7}.Release|x86.Build.0 = Release|Any CPU
		{AE8A3D40-5F69-439B-BDC3-4BFD244F0AF0}.Debug|Any CPU.ActiveCfg = Debug|x86
		{AE8A3D40-5F69-439B-BDC3-4BFD244F0AF0}.Debug|ARM.ActiveCfg = Debug|ARM
		{AE8A3D40-5F69-439B-BDC3-4BFD244F0AF0}.Debug|ARM.Build.0 = Debug|ARM
		{AE8A3D40-5F69-439B-BDC3-4BFD244F0AF0}.Debug|ARM.Deploy.0 = Debug|ARM
		{AE8A3D40-5F69-439B-BDC3-4BFD244F0AF0}.Debug|ARM64.ActiveCfg = Debug|ARM64
		{AE8A3D40-5F69-439B-BDC3-4BFD244F0AF0}.Debug|ARM64.Build.0 = Debug|ARM64
		{AE8A3D40-5F69-439B-BDC3-4BFD244F0AF0}.Debug|ARM64.Deploy.0 = Debug|ARM64
		{AE8A3D40-5F69-439B-BDC3-4BFD244F0AF0}.Debug|x64.ActiveCfg = Debug|x64
		{AE8A3D40-5F69-439B-BDC3-4BFD244F0AF0}.Debug|x64.Build.0 = Debug|x64
		{AE8A3D40-5F69-439B-BDC3-4BFD244F0AF0}.Debug|x64.Deploy.0 = Debug|x64
		{AE8A3D40-5F69-439B-BDC3-4BFD244F0AF0}.Debug|x86.ActiveCfg = Debug|x86
		{AE8A3D40-5F69-439B-BDC3-4BFD244F0AF0}.Debug|x86.Build.0 = Debug|x86
		{AE8A3D40-5F69-439B-BDC3-4BFD244F0AF0}.Debug|x86.Deploy.0 = Debug|x86
		{AE8A3D40-5F69-439B-BDC3-4BFD244F0AF0}.Release|Any CPU.ActiveCfg = Release|x86
		{AE8A3D40-5F69-439B-BDC3-4BFD244F0AF0}.Release|ARM.ActiveCfg = Release|ARM
		{AE8A3D40-5F69-439B-BDC3-4BFD244F0AF0}.Release|ARM.Build.0 = Release|ARM
		{AE8A3D40-5F69-439B-BDC3-4BFD244F0AF0}.Release|ARM.Deploy.0 = Release|ARM
		{AE8A3D40-5F69-439B-BDC3-4BFD244F0AF0}.Release|ARM64.ActiveCfg = Release|ARM64
		{AE8A3D40-5F69-439B-BDC3-4BFD244F0AF0}.Release|ARM64.Build.0 = Release|ARM64
		{AE8A3D40-5F69-439B-BDC3-4BFD244F0AF0}.Release|ARM64.Deploy.0 = Release|ARM64
		{AE8A3D40-5F69-439B-BDC3-4BFD244F0AF0}.Release|x64.ActiveCfg = Release|x64
		{AE8A3D40-5F69-439B-BDC3-4BFD244F0AF0}.Release|x64.Build.0 = Release|x64
		{AE8A3D40-5F69-439B-BDC3-4BFD244F0AF0}.Release|x64.Deploy.0 = Release|x64
		{AE8A3D40-5F69-439B-BDC3-4BFD244F0AF0}.Release|x86.ActiveCfg = Release|x86
		{AE8A3D40-5F69-439B-BDC3-4BFD244F0AF0}.Release|x86.Build.0 = Release|x86
		{AE8A3D40-5F69-439B-BDC3-4BFD244F0AF0}.Release|x86.Deploy.0 = Release|x86
	EndGlobalSection
	GlobalSection(SolutionProperties) = preSolution
		HideSolutionNode = FALSE
	EndGlobalSection
	GlobalSection(ExtensibilityGlobals) = postSolution
		SolutionGuid = {14C394F8-3E93-4C3A-ACA7-4BD094B8CF3E}
	EndGlobalSection
EndGlobal
